
Microsoft Visual Studio Solution File, Format Version 12.00
# Visual Studio 15
VisualStudioVersion = 15.0.28307.168
MinimumVisualStudioVersion = 10.0.40219.1
Project("{FAE04EC0-301F-11D3-BF4B-00C04F79EFBC}") = "PETimer", "PETimer.csproj", "{EF27C6D9-9CF9-48FC-9F4F-E219483FED47}"
EndProject
Global
	GlobalSection(SolutionConfigurationPlatforms) = preSolution
		Debug|Any CPU = Debug|Any CPU
		Release|Any CPU = Release|Any CPU
	EndGlobalSection
	GlobalSection(ProjectConfigurationPlatforms) = postSolution
		{EF27C6D9-9CF9-48FC-9F4F-E219483FED47}.Debug|Any CPU.ActiveCfg = Debug|Any CPU
		{EF27C6D9-9CF9-48FC-9F4F-E219483FED47}.Debug|Any CPU.Build.0 = Debug|Any CPU
		{EF27C6D9-9CF9-48FC-9F4F-E219483FED47}.Release|Any CPU.ActiveCfg = Release|Any CPU
		{EF27C6D9-9CF9-48FC-9F4F-E219483FED47}.Release|Any CPU.Build.0 = Release|Any CPU
	EndGlobalSection
	GlobalSection(SolutionProperties) = preSolution
		HideSolutionNode = FALSE
	EndGlobalSection
	GlobalSection(ExtensibilityGlobals) = postSolution
		SolutionGuid = {419FC87D-76D6-48FF-BF97-69BCE3D64EDE}
	EndGlobalSection
EndGlobal
